// !$*UTF8*$!
{
	archiveVersion = 1;
	classes = {
	};
	objectVersion = 55;
	objects = {

/* Begin PBXBuildFile section */
		9345CF6A2891607400FAE820 /* 02_Skater.mp4 in Resources */ = {isa = PBXBuildFile; fileRef = 9345CF6628915FB200FAE820 /* 02_Skater.mp4 */; };
		93AD7CAC288E67E80075C402 /* AppDelegate.m in Sources */ = {isa = PBXBuildFile; fileRef = 93AD7CAB288E67E80075C402 /* AppDelegate.m */; };
		93AD7CAF288E67E80075C402 /* SceneDelegate.m in Sources */ = {isa = PBXBuildFile; fileRef = 93AD7CAE288E67E80075C402 /* SceneDelegate.m */; };
		93AD7CB2288E67E80075C402 /* ViewController.mm in Sources */ = {isa = PBXBuildFile; fileRef = 93AD7CB1288E67E80075C402 /* ViewController.mm */; };
		93AD7CB5288E67E80075C402 /* Main.storyboard in Resources */ = {isa = PBXBuildFile; fileRef = 93AD7CB3288E67E80075C402 /* Main.storyboard */; };
		93AD7CB7288E67EA0075C402 /* Assets.xcassets in Resources */ = {isa = PBXBuildFile; fileRef = 93AD7CB6288E67EA0075C402 /* Assets.xcassets */; };
		93AD7CBA288E67EA0075C402 /* LaunchScreen.storyboard in Resources */ = {isa = PBXBuildFile; fileRef = 93AD7CB8288E67EA0075C402 /* LaunchScreen.storyboard */; };
		93AD7CBD288E67EA0075C402 /* main.m in Sources */ = {isa = PBXBuildFile; fileRef = 93AD7CBC288E67EA0075C402 /* main.m */; };
		93AD7CC4288E69640075C402 /* 04_Aerial.mp4 in Resources */ = {isa = PBXBuildFile; fileRef = 93AD7CC3288E69640075C402 /* 04_Aerial.mp4 */; };
		93AD7CE6288E6ADE0075C402 /* libtinyplayer.dylib in Frameworks */ = {isa = PBXBuildFile; fileRef = 93AD7CE4288E6AD40075C402 /* libtinyplayer.dylib */; };
		93AD7CE7288E72CE0075C402 /* libtinyplayer.dylib in Embed Libraries */ = {isa = PBXBuildFile; fileRef = 93AD7CE4288E6AD40075C402 /* libtinyplayer.dylib */; settings = {ATTRIBUTES = (CodeSignOnCopy, ); }; };
/* End PBXBuildFile section */

/* Begin PBXContainerItemProxy section */
		93AD7CE3288E6AD40075C402 /* PBXContainerItemProxy */ = {
			isa = PBXContainerItemProxy;
			containerPortal = 93AD7CDD288E6AD40075C402 /* tinyplayer.xcodeproj */;
			proxyType = 2;
			remoteGlobalIDString = 9CF1E95DC20E41C78FE9B9D1;
			remoteInfo = tinyplayer;
		};
/* End PBXContainerItemProxy section */

/* Begin PBXCopyFilesBuildPhase section */
		93AD7CE8288E72CE0075C402 /* Embed Libraries */ = {
			isa = PBXCopyFilesBuildPhase;
			buildActionMask = 2147483647;
			dstPath = "";
			dstSubfolderSpec = 10;
			files = (
				93AD7CE7288E72CE0075C402 /* libtinyplayer.dylib in Embed Libraries */,
			);
			name = "Embed Libraries";
			runOnlyForDeploymentPostprocessing = 0;
		};
/* End PBXCopyFilesBuildPhase section */

/* Begin PBXFileReference section */
		9345CF6628915FB200FAE820 /* 02_Skater.mp4 */ = {isa = PBXFileReference; lastKnownFileType = file; path = 02_Skater.mp4; sourceTree = "<group>"; };
		93AD7CA7288E67E80075C402 /* TinyPlayerDemo.app */ = {isa = PBXFileReference; explicitFileType = wrapper.application; includeInIndex = 0; path = TinyPlayerDemo.app; sourceTree = BUILT_PRODUCTS_DIR; };
		93AD7CAA288E67E80075C402 /* AppDelegate.h */ = {isa = PBXFileReference; lastKnownFileType = sourcecode.c.h; path = AppDelegate.h; sourceTree = "<group>"; };
		93AD7CAB288E67E80075C402 /* AppDelegate.m */ = {isa = PBXFileReference; lastKnownFileType = sourcecode.c.objc; path = AppDelegate.m; sourceTree = "<group>"; };
		93AD7CAD288E67E80075C402 /* SceneDelegate.h */ = {isa = PBXFileReference; lastKnownFileType = sourcecode.c.h; path = SceneDelegate.h; sourceTree = "<group>"; };
		93AD7CAE288E67E80075C402 /* SceneDelegate.m */ = {isa = PBXFileReference; lastKnownFileType = sourcecode.c.objc; path = SceneDelegate.m; sourceTree = "<group>"; };
		93AD7CB0288E67E80075C402 /* ViewController.h */ = {isa = PBXFileReference; lastKnownFileType = sourcecode.c.h; path = ViewController.h; sourceTree = "<group>"; };
		93AD7CB1288E67E80075C402 /* ViewController.mm */ = {isa = PBXFileReference; lastKnownFileType = sourcecode.cpp.objcpp; path = ViewController.mm; sourceTree = "<group>"; };
		93AD7CB4288E67E80075C402 /* Base */ = {isa = PBXFileReference; lastKnownFileType = file.storyboard; name = Base; path = Base.lproj/Main.storyboard; sourceTree = "<group>"; };
		93AD7CB6288E67EA0075C402 /* Assets.xcassets */ = {isa = PBXFileReference; lastKnownFileType = folder.assetcatalog; path = Assets.xcassets; sourceTree = "<group>"; };
		93AD7CB9288E67EA0075C402 /* Base */ = {isa = PBXFileReference; lastKnownFileType = file.storyboard; name = Base; path = Base.lproj/LaunchScreen.storyboard; sourceTree = "<group>"; };
		93AD7CBB288E67EA0075C402 /* Info.plist */ = {isa = PBXFileReference; lastKnownFileType = text.plist.xml; path = Info.plist; sourceTree = "<group>"; };
		93AD7CBC288E67EA0075C402 /* main.m */ = {isa = PBXFileReference; lastKnownFileType = sourcecode.c.objc; path = main.m; sourceTree = "<group>"; };
		93AD7CC3288E69640075C402 /* 04_Aerial.mp4 */ = {isa = PBXFileReference; lastKnownFileType = file; path = 04_Aerial.mp4; sourceTree = "<group>"; };
		93AD7CDD288E6AD40075C402 /* tinyplayer.xcodeproj */ = {isa = PBXFileReference; lastKnownFileType = "wrapper.pb-project"; name = tinyplayer.xcodeproj; path = ../../../build/tinyplayer.xcodeproj; sourceTree = "<group>"; };
/* End PBXFileReference section */

/* Begin PBXFrameworksBuildPhase section */
		93AD7CA4288E67E80075C402 /* Frameworks */ = {
			isa = PBXFrameworksBuildPhase;
			buildActionMask = 2147483647;
			files = (
				93AD7CE6288E6ADE0075C402 /* libtinyplayer.dylib in Frameworks */,
			);
			runOnlyForDeploymentPostprocessing = 0;
		};
/* End PBXFrameworksBuildPhase section */

/* Begin PBXGroup section */
		93AD7C9E288E67E80075C402 = {
			isa = PBXGroup;
			children = (
				93AD7CDD288E6AD40075C402 /* tinyplayer.xcodeproj */,
				93AD7CA9288E67E80075C402 /* TinyPlayerDemo */,
				93AD7CA8288E67E80075C402 /* Products */,
				93AD7CE5288E6ADE0075C402 /* Frameworks */,
			);
			sourceTree = "<group>";
		};
		93AD7CA8288E67E80075C402 /* Products */ = {
			isa = PBXGroup;
			children = (
				93AD7CA7288E67E80075C402 /* TinyPlayerDemo.app */,
			);
			name = Products;
			sourceTree = "<group>";
		};
		93AD7CA9288E67E80075C402 /* TinyPlayerDemo */ = {
			isa = PBXGroup;
			children = (
				93AD7CC3288E69640075C402 /* 04_Aerial.mp4 */,
				9345CF6628915FB200FAE820 /* 02_Skater.mp4 */,
				93AD7CAA288E67E80075C402 /* AppDelegate.h */,
				93AD7CAB288E67E80075C402 /* AppDelegate.m */,
				93AD7CAD288E67E80075C402 /* SceneDelegate.h */,
				93AD7CAE288E67E80075C402 /* SceneDelegate.m */,
				93AD7CB0288E67E80075C402 /* ViewController.h */,
				93AD7CB1288E67E80075C402 /* ViewController.mm */,
				93AD7CB3288E67E80075C402 /* Main.storyboard */,
				93AD7CB6288E67EA0075C402 /* Assets.xcassets */,
				93AD7CB8288E67EA0075C402 /* LaunchScreen.storyboard */,
				93AD7CBB288E67EA0075C402 /* Info.plist */,
				93AD7CBC288E67EA0075C402 /* main.m */,
			);
			path = TinyPlayerDemo;
			sourceTree = "<group>";
		};
		93AD7CDE288E6AD40075C402 /* Products */ = {
			isa = PBXGroup;
			children = (
				93AD7CE4288E6AD40075C402 /* libtinyplayer.dylib */,
			);
			name = Products;
			sourceTree = "<group>";
		};
		93AD7CE5288E6ADE0075C402 /* Frameworks */ = {
			isa = PBXGroup;
			children = (
			);
			name = Frameworks;
			sourceTree = "<group>";
		};
/* End PBXGroup section */

/* Begin PBXNativeTarget section */
		93AD7CA6288E67E80075C402 /* TinyPlayerDemo */ = {
			isa = PBXNativeTarget;
			buildConfigurationList = 93AD7CC0288E67EA0075C402 /* Build configuration list for PBXNativeTarget "TinyPlayerDemo" */;
			buildPhases = (
				93AD7CA3288E67E80075C402 /* Sources */,
				93AD7CA4288E67E80075C402 /* Frameworks */,
				93AD7CA5288E67E80075C402 /* Resources */,
				93AD7CE8288E72CE0075C402 /* Embed Libraries */,
			);
			buildRules = (
			);
			dependencies = (
			);
			name = TinyPlayerDemo;
			productName = TinyPlayerDemo;
			productReference = 93AD7CA7288E67E80075C402 /* TinyPlayerDemo.app */;
			productType = "com.apple.product-type.application";
		};
/* End PBXNativeTarget section */

/* Begin PBXProject section */
		93AD7C9F288E67E80075C402 /* Project object */ = {
			isa = PBXProject;
			attributes = {
				BuildIndependentTargetsInParallel = 1;
				LastUpgradeCheck = 1330;
				TargetAttributes = {
					93AD7CA6288E67E80075C402 = {
						CreatedOnToolsVersion = 13.3;
					};
				};
			};
			buildConfigurationList = 93AD7CA2288E67E80075C402 /* Build configuration list for PBXProject "TinyPlayerDemo" */;
			compatibilityVersion = "Xcode 13.0";
			developmentRegion = en;
			hasScannedForEncodings = 0;
			knownRegions = (
				en,
				Base,
			);
			mainGroup = 93AD7C9E288E67E80075C402;
			productRefGroup = 93AD7CA8288E67E80075C402 /* Products */;
			projectDirPath = "";
			projectReferences = (
				{
					ProductGroup = 93AD7CDE288E6AD40075C402 /* Products */;
					ProjectRef = 93AD7CDD288E6AD40075C402 /* tinyplayer.xcodeproj */;
				},
			);
			projectRoot = "";
			targets = (
				93AD7CA6288E67E80075C402 /* TinyPlayerDemo */,
			);
		};
/* End PBXProject section */

/* Begin PBXReferenceProxy section */
		93AD7CE4288E6AD40075C402 /* libtinyplayer.dylib */ = {
			isa = PBXReferenceProxy;
			fileType = "compiled.mach-o.dylib";
			path = libtinyplayer.dylib;
			remoteRef = 93AD7CE3288E6AD40075C402 /* PBXContainerItemProxy */;
			sourceTree = BUILT_PRODUCTS_DIR;
		};
/* End PBXReferenceProxy section */

/* Begin PBXResourcesBuildPhase section */
		93AD7CA5288E67E80075C402 /* Resources */ = {
			isa = PBXResourcesBuildPhase;
			buildActionMask = 2147483647;
			files = (
				9345CF6A2891607400FAE820 /* 02_Skater.mp4 in Resources */,
				93AD7CBA288E67EA0075C402 /* LaunchScreen.storyboard in Resources */,
				93AD7CC4288E69640075C402 /* 04_Aerial.mp4 in Resources */,
				93AD7CB7288E67EA0075C402 /* Assets.xcassets in Resources */,
				93AD7CB5288E67E80075C402 /* Main.storyboard in Resources */,
			);
			runOnlyForDeploymentPostprocessing = 0;
		};
/* End PBXResourcesBuildPhase section */

/* Begin PBXSourcesBuildPhase section */
		93AD7CA3288E67E80075C402 /* Sources */ = {
			isa = PBXSourcesBuildPhase;
			buildActionMask = 2147483647;
			files = (
				93AD7CB2288E67E80075C402 /* ViewController.mm in Sources */,
				93AD7CAC288E67E80075C402 /* AppDelegate.m in Sources */,
				93AD7CBD288E67EA0075C402 /* main.m in Sources */,
				93AD7CAF288E67E80075C402 /* SceneDelegate.m in Sources */,
			);
			runOnlyForDeploymentPostprocessing = 0;
		};
/* End PBXSourcesBuildPhase section */

/* Begin PBXVariantGroup section */
		93AD7CB3288E67E80075C402 /* Main.storyboard */ = {
			isa = PBXVariantGroup;
			children = (
				93AD7CB4288E67E80075C402 /* Base */,
			);
			name = Main.storyboard;
			sourceTree = "<group>";
		};
		93AD7CB8288E67EA0075C402 /* LaunchScreen.storyboard */ = {
			isa = PBXVariantGroup;
			children = (
				93AD7CB9288E67EA0075C402 /* Base */,
			);
			name = LaunchScreen.storyboard;
			sourceTree = "<group>";
		};
/* End PBXVariantGroup section */

/* Begin XCBuildConfiguration section */
		93AD7CBE288E67EA0075C402 /* Debug */ = {
			isa = XCBuildConfiguration;
			buildSettings = {
				ALWAYS_SEARCH_USER_PATHS = NO;
				CLANG_ANALYZER_NONNULL = YES;
				CLANG_ANALYZER_NUMBER_OBJECT_CONVERSION = YES_AGGRESSIVE;
				CLANG_CXX_LANGUAGE_STANDARD = "gnu++17";
				CLANG_ENABLE_MODULES = YES;
				CLANG_ENABLE_OBJC_ARC = YES;
				CLANG_ENABLE_OBJC_WEAK = YES;
				CLANG_WARN_BLOCK_CAPTURE_AUTORELEASING = YES;
				CLANG_WARN_BOOL_CONVERSION = YES;
				CLANG_WARN_COMMA = YES;
				CLANG_WARN_CONSTANT_CONVERSION = YES;
				CLANG_WARN_DEPRECATED_OBJC_IMPLEMENTATIONS = YES;
				CLANG_WARN_DIRECT_OBJC_ISA_USAGE = YES_ERROR;
				CLANG_WARN_DOCUMENTATION_COMMENTS = YES;
				CLANG_WARN_EMPTY_BODY = YES;
				CLANG_WARN_ENUM_CONVERSION = YES;
				CLANG_WARN_INFINITE_RECURSION = YES;
				CLANG_WARN_INT_CONVERSION = YES;
				CLANG_WARN_NON_LITERAL_NULL_CONVERSION = YES;
				CLANG_WARN_OBJC_IMPLICIT_RETAIN_SELF = YES;
				CLANG_WARN_OBJC_LITERAL_CONVERSION = YES;
				CLANG_WARN_OBJC_ROOT_CLASS = YES_ERROR;
				CLANG_WARN_QUOTED_INCLUDE_IN_FRAMEWORK_HEADER = YES;
				CLANG_WARN_RANGE_LOOP_ANALYSIS = YES;
				CLANG_WARN_STRICT_PROTOTYPES = YES;
				CLANG_WARN_SUSPICIOUS_MOVE = YES;
				CLANG_WARN_UNGUARDED_AVAILABILITY = YES_AGGRESSIVE;
				CLANG_WARN_UNREACHABLE_CODE = YES;
				CLANG_WARN__DUPLICATE_METHOD_MATCH = YES;
				COPY_PHASE_STRIP = NO;
				DEBUG_INFORMATION_FORMAT = dwarf;
				ENABLE_STRICT_OBJC_MSGSEND = YES;
				ENABLE_TESTABILITY = YES;
				GCC_C_LANGUAGE_STANDARD = gnu11;
				GCC_DYNAMIC_NO_PIC = NO;
				GCC_NO_COMMON_BLOCKS = YES;
				GCC_OPTIMIZATION_LEVEL = 0;
				GCC_PREPROCESSOR_DEFINITIONS = (
					"DEBUG=1",
					"$(inherited)",
				);
				GCC_WARN_64_TO_32_BIT_CONVERSION = YES;
				GCC_WARN_ABOUT_RETURN_TYPE = YES_ERROR;
				GCC_WARN_UNDECLARED_SELECTOR = YES;
				GCC_WARN_UNINITIALIZED_AUTOS = YES_AGGRESSIVE;
				GCC_WARN_UNUSED_FUNCTION = YES;
				GCC_WARN_UNUSED_VARIABLE = YES;
				IPHONEOS_DEPLOYMENT_TARGET = 15.4;
				MTL_ENABLE_DEBUG_INFO = INCLUDE_SOURCE;
				MTL_FAST_MATH = YES;
				ONLY_ACTIVE_ARCH = YES;
				SDKROOT = iphoneos;
			};
			name = Debug;
		};
		93AD7CBF288E67EA0075C402 /* Release */ = {
			isa = XCBuildConfiguration;
			buildSettings = {
				ALWAYS_SEARCH_USER_PATHS = NO;
				CLANG_ANALYZER_NONNULL = YES;
				CLANG_ANALYZER_NUMBER_OBJECT_CONVERSION = YES_AGGRESSIVE;
				CLANG_CXX_LANGUAGE_STANDARD = "gnu++17";
				CLANG_ENABLE_MODULES = YES;
				CLANG_ENABLE_OBJC_ARC = YES;
				CLANG_ENABLE_OBJC_WEAK = YES;
				CLANG_WARN_BLOCK_CAPTURE_AUTORELEASING = YES;
				CLANG_WARN_BOOL_CONVERSION = YES;
				CLANG_WARN_COMMA = YES;
				CLANG_WARN_CONSTANT_CONVERSION = YES;
				CLANG_WARN_DEPRECATED_OBJC_IMPLEMENTATIONS = YES;
				CLANG_WARN_DIRECT_OBJC_ISA_USAGE = YES_ERROR;
				CLANG_WARN_DOCUMENTATION_COMMENTS = YES;
				CLANG_WARN_EMPTY_BODY = YES;
				CLANG_WARN_ENUM_CONVERSION = YES;
				CLANG_WARN_INFINITE_RECURSION = YES;
				CLANG_WARN_INT_CONVERSION = YES;
				CLANG_WARN_NON_LITERAL_NULL_CONVERSION = YES;
				CLANG_WARN_OBJC_IMPLICIT_RETAIN_SELF = YES;
				CLANG_WARN_OBJC_LITERAL_CONVERSION = YES;
				CLANG_WARN_OBJC_ROOT_CLASS = YES_ERROR;
				CLANG_WARN_QUOTED_INCLUDE_IN_FRAMEWORK_HEADER = YES;
				CLANG_WARN_RANGE_LOOP_ANALYSIS = YES;
				CLANG_WARN_STRICT_PROTOTYPES = YES;
				CLANG_WARN_SUSPICIOUS_MOVE = YES;
				CLANG_WARN_UNGUARDED_AVAILABILITY = YES_AGGRESSIVE;
				CLANG_WARN_UNREACHABLE_CODE = YES;
				CLANG_WARN__DUPLICATE_METHOD_MATCH = YES;
				COPY_PHASE_STRIP = NO;
				DEBUG_INFORMATION_FORMAT = "dwarf-with-dsym";
				ENABLE_NS_ASSERTIONS = NO;
				ENABLE_STRICT_OBJC_MSGSEND = YES;
				GCC_C_LANGUAGE_STANDARD = gnu11;
				GCC_NO_COMMON_BLOCKS = YES;
				GCC_WARN_64_TO_32_BIT_CONVERSION = YES;
				GCC_WARN_ABOUT_RETURN_TYPE = YES_ERROR;
				GCC_WARN_UNDECLARED_SELECTOR = YES;
				GCC_WARN_UNINITIALIZED_AUTOS = YES_AGGRESSIVE;
				GCC_WARN_UNUSED_FUNCTION = YES;
				GCC_WARN_UNUSED_VARIABLE = YES;
				IPHONEOS_DEPLOYMENT_TARGET = 15.4;
				MTL_ENABLE_DEBUG_INFO = NO;
				MTL_FAST_MATH = YES;
				SDKROOT = iphoneos;
				VALIDATE_PRODUCT = YES;
			};
			name = Release;
		};
		93AD7CC1288E67EA0075C402 /* Debug */ = {
			isa = XCBuildConfiguration;
			buildSettings = {
				ASSETCATALOG_COMPILER_APPICON_NAME = AppIcon;
				ASSETCATALOG_COMPILER_GLOBAL_ACCENT_COLOR_NAME = AccentColor;
				CODE_SIGN_STYLE = Automatic;
				CURRENT_PROJECT_VERSION = 1;
				DEVELOPMENT_TEAM = GH246XP5QK;
				GENERATE_INFOPLIST_FILE = YES;
				INFOPLIST_FILE = TinyPlayerDemo/Info.plist;
				INFOPLIST_KEY_UIApplicationSupportsIndirectInputEvents = YES;
				INFOPLIST_KEY_UILaunchStoryboardName = LaunchScreen;
				INFOPLIST_KEY_UIMainStoryboardFile = Main;
				INFOPLIST_KEY_UISupportedInterfaceOrientations_iPad = "UIInterfaceOrientationPortrait UIInterfaceOrientationPortraitUpsideDown UIInterfaceOrientationLandscapeLeft UIInterfaceOrientationLandscapeRight";
				INFOPLIST_KEY_UISupportedInterfaceOrientations_iPhone = "UIInterfaceOrientationPortrait UIInterfaceOrientationLandscapeLeft UIInterfaceOrientationLandscapeRight";
				IPHONEOS_DEPLOYMENT_TARGET = 13.0;
				LD_RUNPATH_SEARCH_PATHS = (
					"$(inherited)",
					"@executable_path/Frameworks",
				);
				MARKETING_VERSION = 1.0;
				PRODUCT_BUNDLE_IDENTIFIER = com.aaron.TinyPlayerDemo;
				PRODUCT_NAME = "$(TARGET_NAME)";
				SWIFT_EMIT_LOC_STRINGS = YES;
				TARGETED_DEVICE_FAMILY = "1,2";
				USER_HEADER_SEARCH_PATHS = (
					"$SRCROOT/../../../src/**",
					$SRCROOT/../../../libs/include,
				);
			};
			name = Debug;
		};
		93AD7CC2288E67EA0075C402 /* Release */ = {
			isa = XCBuildConfiguration;
			buildSettings = {
				ASSETCATALOG_COMPILER_APPICON_NAME = AppIcon;
				ASSETCATALOG_COMPILER_GLOBAL_ACCENT_COLOR_NAME = AccentColor;
				CODE_SIGN_STYLE = Automatic;
				CURRENT_PROJECT_VERSION = 1;
				DEVELOPMENT_TEAM = GH246XP5QK;
				GENERATE_INFOPLIST_FILE = YES;
				INFOPLIST_FILE = TinyPlayerDemo/Info.plist;
				INFOPLIST_KEY_UIApplicationSupportsIndirectInputEvents = YES;
				INFOPLIST_KEY_UILaunchStoryboardName = LaunchScreen;
				INFOPLIST_KEY_UIMainStoryboardFile = Main;
				INFOPLIST_KEY_UISupportedInterfaceOrientations_iPad = "UIInterfaceOrientationPortrait UIInterfaceOrientationPortraitUpsideDown UIInterfaceOrientationLandscapeLeft UIInterfaceOrientationLandscapeRight";
				INFOPLIST_KEY_UISupportedInterfaceOrientations_iPhone = "UIInterfaceOrientationPortrait UIInterfaceOrientationLandscapeLeft UIInterfaceOrientationLandscapeRight";
				IPHONEOS_DEPLOYMENT_TARGET = 13.0;
				LD_RUNPATH_SEARCH_PATHS = (
					"$(inherited)",
					"@executable_path/Frameworks",
				);
				MARKETING_VERSION = 1.0;
				PRODUCT_BUNDLE_IDENTIFIER = com.aaron.TinyPlayerDemo;
				PRODUCT_NAME = "$(TARGET_NAME)";
				SWIFT_EMIT_LOC_STRINGS = YES;
				TARGETED_DEVICE_FAMILY = "1,2";
				USER_HEADER_SEARCH_PATHS = (
					"$SRCROOT/../../../src/**",
					$SRCROOT/../../../libs/include,
				);
			};
			name = Release;
		};
/* End XCBuildConfiguration section */

/* Begin XCConfigurationList section */
		93AD7CA2288E67E80075C402 /* Build configuration list for PBXProject "TinyPlayerDemo" */ = {
			isa = XCConfigurationList;
			buildConfigurations = (
				93AD7CBE288E67EA0075C402 /* Debug */,
				93AD7CBF288E67EA0075C402 /* Release */,
			);
			defaultConfigurationIsVisible = 0;
			defaultConfigurationName = Release;
		};
		93AD7CC0288E67EA0075C402 /* Build configuration list for PBXNativeTarget "TinyPlayerDemo" */ = {
			isa = XCConfigurationList;
			buildConfigurations = (
				93AD7CC1288E67EA0075C402 /* Debug */,
				93AD7CC2288E67EA0075C402 /* Release */,
			);
			defaultConfigurationIsVisible = 0;
			defaultConfigurationName = Release;
		};
/* End XCConfigurationList section */
	};
	rootObject = 93AD7C9F288E67E80075C402 /* Project object */;
}
